
Microsoft Visual Studio Solution File, Format Version 12.00
# Visual Studio Version 17
VisualStudioVersion = 17.14.36518.9
MinimumVisualStudioVersion = 10.0.40219.1
Project("{FAE04EC0-301F-11D3-BF4B-00C04F79EFBC}") = "PPAsta", "PPAsta\PPAsta.csproj", "{F450CAA1-2ED9-4FC9-8C0D-1C9A7932BE33}"
EndProject
Project("{FAE04EC0-301F-11D3-BF4B-00C04F79EFBC}") = "PPAsta.Service", "PPAsta.Service\PPAsta.Service.csproj", "{88AD6553-3407-4C31-AB22-6C41E1F82D89}"
EndProject
Project("{FAE04EC0-301F-11D3-BF4B-00C04F79EFBC}") = "PPAsta.Repository", "PPAsta.Repository\PPAsta.Repository.csproj", "{E5954EA6-E051-46A5-813E-70E51537C538}"
EndProject
Project("{FAE04EC0-301F-11D3-BF4B-00C04F79EFBC}") = "PPAsta.Abstraction", "PPAsta.Abstraction\PPAsta.Abstraction.csproj", "{E99DCE3B-5267-445E-A2E7-E27405BF0274}"
EndProject
Project("{FAE04EC0-301F-11D3-BF4B-00C04F79EFBC}") = "PPAsta.Migration", "PPAsta.Migration\PPAsta.Migration.csproj", "{60EEC7FE-7561-462C-A68B-5ACDC4A48140}"
EndProject
Global
	GlobalSection(SolutionConfigurationPlatforms) = preSolution
		Debug|ARM64 = Debug|ARM64
		Debug|x64 = Debug|x64
		Debug|x86 = Debug|x86
		Release|ARM64 = Release|ARM64
		Release|x64 = Release|x64
		Release|x86 = Release|x86
	EndGlobalSection
	GlobalSection(ProjectConfigurationPlatforms) = postSolution
		{F450CAA1-2ED9-4FC9-8C0D-1C9A7932BE33}.Debug|ARM64.ActiveCfg = Debug|ARM64
		{F450CAA1-2ED9-4FC9-8C0D-1C9A7932BE33}.Debug|ARM64.Build.0 = Debug|ARM64
		{F450CAA1-2ED9-4FC9-8C0D-1C9A7932BE33}.Debug|ARM64.Deploy.0 = Debug|ARM64
		{F450CAA1-2ED9-4FC9-8C0D-1C9A7932BE33}.Debug|x64.ActiveCfg = Debug|x64
		{F450CAA1-2ED9-4FC9-8C0D-1C9A7932BE33}.Debug|x64.Build.0 = Debug|x64
		{F450CAA1-2ED9-4FC9-8C0D-1C9A7932BE33}.Debug|x64.Deploy.0 = Debug|x64
		{F450CAA1-2ED9-4FC9-8C0D-1C9A7932BE33}.Debug|x86.ActiveCfg = Debug|x86
		{F450CAA1-2ED9-4FC9-8C0D-1C9A7932BE33}.Debug|x86.Build.0 = Debug|x86
		{F450CAA1-2ED9-4FC9-8C0D-1C9A7932BE33}.Debug|x86.Deploy.0 = Debug|x86
		{F450CAA1-2ED9-4FC9-8C0D-1C9A7932BE33}.Release|ARM64.ActiveCfg = Release|ARM64
		{F450CAA1-2ED9-4FC9-8C0D-1C9A7932BE33}.Release|ARM64.Build.0 = Release|ARM64
		{F450CAA1-2ED9-4FC9-8C0D-1C9A7932BE33}.Release|ARM64.Deploy.0 = Release|ARM64
		{F450CAA1-2ED9-4FC9-8C0D-1C9A7932BE33}.Release|x64.ActiveCfg = Release|x64
		{F450CAA1-2ED9-4FC9-8C0D-1C9A7932BE33}.Release|x64.Build.0 = Release|x64
		{F450CAA1-2ED9-4FC9-8C0D-1C9A7932BE33}.Release|x64.Deploy.0 = Release|x64
		{F450CAA1-2ED9-4FC9-8C0D-1C9A7932BE33}.Release|x86.ActiveCfg = Release|x86
		{F450CAA1-2ED9-4FC9-8C0D-1C9A7932BE33}.Release|x86.Build.0 = Release|x86
		{F450CAA1-2ED9-4FC9-8C0D-1C9A7932BE33}.Release|x86.Deploy.0 = Release|x86
		{88AD6553-3407-4C31-AB22-6C41E1F82D89}.Debug|ARM64.ActiveCfg = Debug|Any CPU
		{88AD6553-3407-4C31-AB22-6C41E1F82D89}.Debug|ARM64.Build.0 = Debug|Any CPU
		{88AD6553-3407-4C31-AB22-6C41E1F82D89}.Debug|x64.ActiveCfg = Debug|Any CPU
		{88AD6553-3407-4C31-AB22-6C41E1F82D89}.Debug|x64.Build.0 = Debug|Any CPU
		{88AD6553-3407-4C31-AB22-6C41E1F82D89}.Debug|x86.ActiveCfg = Debug|Any CPU
		{88AD6553-3407-4C31-AB22-6C41E1F82D89}.Debug|x86.Build.0 = Debug|Any CPU
		{88AD6553-3407-4C31-AB22-6C41E1F82D89}.Release|ARM64.ActiveCfg = Release|Any CPU
		{88AD6553-3407-4C31-AB22-6C41E1F82D89}.Release|ARM64.Build.0 = Release|Any CPU
		{88AD6553-3407-4C31-AB22-6C41E1F82D89}.Release|x64.ActiveCfg = Release|Any CPU
		{88AD6553-3407-4C31-AB22-6C41E1F82D89}.Release|x64.Build.0 = Release|Any CPU
		{88AD6553-3407-4C31-AB22-6C41E1F82D89}.Release|x86.ActiveCfg = Release|Any CPU
		{88AD6553-3407-4C31-AB22-6C41E1F82D89}.Release|x86.Build.0 = Release|Any CPU
		{E5954EA6-E051-46A5-813E-70E51537C538}.Debug|ARM64.ActiveCfg = Debug|Any CPU
		{E5954EA6-E051-46A5-813E-70E51537C538}.Debug|ARM64.Build.0 = Debug|Any CPU
		{E5954EA6-E051-46A5-813E-70E51537C538}.Debug|x64.ActiveCfg = Debug|Any CPU
		{E5954EA6-E051-46A5-813E-70E51537C538}.Debug|x64.Build.0 = Debug|Any CPU
		{E5954EA6-E051-46A5-813E-70E51537C538}.Debug|x86.ActiveCfg = Debug|Any CPU
		{E5954EA6-E051-46A5-813E-70E51537C538}.Debug|x86.Build.0 = Debug|Any CPU
		{E5954EA6-E051-46A5-813E-70E51537C538}.Release|ARM64.ActiveCfg = Release|Any CPU
		{E5954EA6-E051-46A5-813E-70E51537C538}.Release|ARM64.Build.0 = Release|Any CPU
		{E5954EA6-E051-46A5-813E-70E51537C538}.Release|x64.ActiveCfg = Release|Any CPU
		{E5954EA6-E051-46A5-813E-70E51537C538}.Release|x64.Build.0 = Release|Any CPU
		{E5954EA6-E051-46A5-813E-70E51537C538}.Release|x86.ActiveCfg = Release|Any CPU
		{E5954EA6-E051-46A5-813E-70E51537C538}.Release|x86.Build.0 = Release|Any CPU
		{E99DCE3B-5267-445E-A2E7-E27405BF0274}.Debug|ARM64.ActiveCfg = Debug|Any CPU
		{E99DCE3B-5267-445E-A2E7-E27405BF0274}.Debug|ARM64.Build.0 = Debug|Any CPU
		{E99DCE3B-5267-445E-A2E7-E27405BF0274}.Debug|x64.ActiveCfg = Debug|Any CPU
		{E99DCE3B-5267-445E-A2E7-E27405BF0274}.Debug|x64.Build.0 = Debug|Any CPU
		{E99DCE3B-5267-445E-A2E7-E27405BF0274}.Debug|x86.ActiveCfg = Debug|Any CPU
		{E99DCE3B-5267-445E-A2E7-E27405BF0274}.Debug|x86.Build.0 = Debug|Any CPU
		{E99DCE3B-5267-445E-A2E7-E27405BF0274}.Release|ARM64.ActiveCfg = Release|Any CPU
		{E99DCE3B-5267-445E-A2E7-E27405BF0274}.Release|ARM64.Build.0 = Release|Any CPU
		{E99DCE3B-5267-445E-A2E7-E27405BF0274}.Release|x64.ActiveCfg = Release|Any CPU
		{E99DCE3B-5267-445E-A2E7-E27405BF0274}.Release|x64.Build.0 = Release|Any CPU
		{E99DCE3B-5267-445E-A2E7-E27405BF0274}.Release|x86.ActiveCfg = Release|Any CPU
		{E99DCE3B-5267-445E-A2E7-E27405BF0274}.Release|x86.Build.0 = Release|Any CPU
		{60EEC7FE-7561-462C-A68B-5ACDC4A48140}.Debug|ARM64.ActiveCfg = Debug|Any CPU
		{60EEC7FE-7561-462C-A68B-5ACDC4A48140}.Debug|ARM64.Build.0 = Debug|Any CPU
		{60EEC7FE-7561-462C-A68B-5ACDC4A48140}.Debug|x64.ActiveCfg = Debug|Any CPU
		{60EEC7FE-7561-462C-A68B-5ACDC4A48140}.Debug|x64.Build.0 = Debug|Any CPU
		{60EEC7FE-7561-462C-A68B-5ACDC4A48140}.Debug|x86.ActiveCfg = Debug|Any CPU
		{60EEC7FE-7561-462C-A68B-5ACDC4A48140}.Debug|x86.Build.0 = Debug|Any CPU
		{60EEC7FE-7561-462C-A68B-5ACDC4A48140}.Release|ARM64.ActiveCfg = Release|Any CPU
		{60EEC7FE-7561-462C-A68B-5ACDC4A48140}.Release|ARM64.Build.0 = Release|Any CPU
		{60EEC7FE-7561-462C-A68B-5ACDC4A48140}.Release|x64.ActiveCfg = Release|Any CPU
		{60EEC7FE-7561-462C-A68B-5ACDC4A48140}.Release|x64.Build.0 = Release|Any CPU
		{60EEC7FE-7561-462C-A68B-5ACDC4A48140}.Release|x86.ActiveCfg = Release|Any CPU
		{60EEC7FE-7561-462C-A68B-5ACDC4A48140}.Release|x86.Build.0 = Release|Any CPU
	EndGlobalSection
	GlobalSection(SolutionProperties) = preSolution
		HideSolutionNode = FALSE
	EndGlobalSection
	GlobalSection(ExtensibilityGlobals) = postSolution
		SolutionGuid = {7311DEE9-A521-4F04-8D7B-B3FA31638CDB}
	EndGlobalSection
EndGlobal
